
Microsoft Visual Studio Solution File, Format Version 12.00
# Visual Studio Version 17
VisualStudioVersion = 17.9.34607.119
MinimumVisualStudioVersion = 10.0.40219.1
Project("{2150E333-8FDC-42A3-9474-1A3956D46DE8}") = "Solution Items", "Solution Items", "{4B7FAF70-3859-4738-9124-9626C8586215}"
	ProjectSection(SolutionItems) = preProject
		contactus.css = contactus.css
		contactus.html = contactus.html
		FALSEHOODcapture.PNG = FALSEHOODcapture.PNG
		fingerprint.png = fingerprint.png
		index.html = index.html
		InstagramLogo.png = InstagramLogo.png
		JohnWickcapture.PNG = JohnWickcapture.PNG
		ourwork.css = ourwork.css
		ourwork.html = ourwork.html
		placeholderbackground.jpg = placeholderbackground.jpg
		profileiconplaceholder.png = profileiconplaceholder.png
		registered.css = registered.css
		registered.html = registered.html
		style.css = style.css
		team.css = team.css
		team.html = team.html
		TheOneWhoWalkscapture.PNG = TheOneWhoWalkscapture.PNG
		TheOneWhoWalksChapter2capture.PNG = TheOneWhoWalksChapter2capture.PNG
		TheOneWhoWalksHolidaycapture.PNG = TheOneWhoWalksHolidaycapture.PNG
		Thirstycapture.PNG = Thirstycapture.PNG
		XTwitterLogo.png = XTwitterLogo.png
		YoutubeLogo.png = YoutubeLogo.png
	EndProjectSection
EndProject
Global
	GlobalSection(SolutionProperties) = preSolution
		HideSolutionNode = FALSE
	EndGlobalSection
	GlobalSection(ExtensibilityGlobals) = postSolution
		SolutionGuid = {33690551-2EAE-4111-BB15-BD75C15A9A4A}
	EndGlobalSection
EndGlobal
